
Microsoft Visual Studio Solution File, Format Version 12.00
# Visual Studio Version 16
VisualStudioVersion = 25.0.1703.8
MinimumVisualStudioVersion = 10.0.40219.1
Project("{FAE04EC0-301F-11D3-BF4B-00C04F79EFBC}") = "BasicHealthEndpoint", "BasicHealthEndpoint.csproj", "{C5FB14E1-EA76-401E-B793-D848A5F96016}"
EndProject
Project("{E53339B2-1760-4266-BCC7-CA923CBCF16C}") = "docker-compose", "docker-compose.dcproj", "{E0826790-2712-4277-A4C4-C81F01D73138}"
EndProject
Global
	GlobalSection(SolutionConfigurationPlatforms) = preSolution
		Debug|Any CPU = Debug|Any CPU
		Release|Any CPU = Release|Any CPU
	EndGlobalSection
	GlobalSection(ProjectConfigurationPlatforms) = postSolution
		{C5FB14E1-EA76-401E-B793-D848A5F96016}.Debug|Any CPU.ActiveCfg = Debug|Any CPU
		{C5FB14E1-EA76-401E-B793-D848A5F96016}.Debug|Any CPU.Build.0 = Debug|Any CPU
		{C5FB14E1-EA76-401E-B793-D848A5F96016}.Release|Any CPU.ActiveCfg = Release|Any CPU
		{C5FB14E1-EA76-401E-B793-D848A5F96016}.Release|Any CPU.Build.0 = Release|Any CPU
		{E0826790-2712-4277-A4C4-C81F01D73138}.Debug|Any CPU.ActiveCfg = Debug|Any CPU
		{E0826790-2712-4277-A4C4-C81F01D73138}.Debug|Any CPU.Build.0 = Debug|Any CPU
		{E0826790-2712-4277-A4C4-C81F01D73138}.Release|Any CPU.ActiveCfg = Release|Any CPU
		{E0826790-2712-4277-A4C4-C81F01D73138}.Release|Any CPU.Build.0 = Release|Any CPU
	EndGlobalSection
	GlobalSection(SolutionProperties) = preSolution
		HideSolutionNode = FALSE
	EndGlobalSection
	GlobalSection(ExtensibilityGlobals) = postSolution
		SolutionGuid = {29CFB95D-8CB2-420D-8EB9-50CBC57C47B6}
	EndGlobalSection
EndGlobal
